
Microsoft Visual Studio Solution File, Format Version 12.00
# Visual Studio 14
VisualStudioVersion = 14.0.25420.1
MinimumVisualStudioVersion = 10.0.40219.1
Project("{FAE04EC0-301F-11D3-BF4B-00C04F79EFBC}") = "XamForms", "XamForms\XamForms\XamForms.csproj", "{E2ADCDBC-CB5D-46FB-90BF-5C48F1F3DAC0}"
EndProject
Project("{FAE04EC0-301F-11D3-BF4B-00C04F79EFBC}") = "XamForms.Android", "XamForms\XamForms.Android\XamForms.Android.csproj", "{574BEE65-D61A-495B-A324-FE82D00FBE4A}"
EndProject
Project("{FAE04EC0-301F-11D3-BF4B-00C04F79EFBC}") = "XamForms.iOS", "XamForms\XamForms.iOS\XamForms.iOS.csproj", "{91CB8EA0-9FCA-4112-9DDE-851641138B0D}"
EndProject
Project("{FAE04EC0-301F-11D3-BF4B-00C04F79EFBC}") = "XamForms.UWP", "XamForms\XamForms.UWP\XamForms.UWP.csproj", "{73C380C4-5B93-4815-979F-C12554C5C0D2}"
EndProject
Global
	GlobalSection(SolutionConfigurationPlatforms) = preSolution
		Debug|Any CPU = Debug|Any CPU
		Debug|ARM = Debug|ARM
		Debug|iPhone = Debug|iPhone
		Debug|iPhoneSimulator = Debug|iPhoneSimulator
		Debug|x64 = Debug|x64
		Debug|x86 = Debug|x86
		Release|Any CPU = Release|Any CPU
		Release|ARM = Release|ARM
		Release|iPhone = Release|iPhone
		Release|iPhoneSimulator = Release|iPhoneSimulator
		Release|x64 = Release|x64
		Release|x86 = Release|x86
	EndGlobalSection
	GlobalSection(ProjectConfigurationPlatforms) = postSolution
		{E2ADCDBC-CB5D-46FB-90BF-5C48F1F3DAC0}.Debug|Any CPU.ActiveCfg = Debug|Any CPU
		{E2ADCDBC-CB5D-46FB-90BF-5C48F1F3DAC0}.Debug|Any CPU.Build.0 = Debug|Any CPU
		{E2ADCDBC-CB5D-46FB-90BF-5C48F1F3DAC0}.Debug|ARM.ActiveCfg = Debug|Any CPU
		{E2ADCDBC-CB5D-46FB-90BF-5C48F1F3DAC0}.Debug|ARM.Build.0 = Debug|Any CPU
		{E2ADCDBC-CB5D-46FB-90BF-5C48F1F3DAC0}.Debug|iPhone.ActiveCfg = Debug|Any CPU
		{E2ADCDBC-CB5D-46FB-90BF-5C48F1F3DAC0}.Debug|iPhone.Build.0 = Debug|Any CPU
		{E2ADCDBC-CB5D-46FB-90BF-5C48F1F3DAC0}.Debug|iPhoneSimulator.ActiveCfg = Debug|Any CPU
		{E2ADCDBC-CB5D-46FB-90BF-5C48F1F3DAC0}.Debug|iPhoneSimulator.Build.0 = Debug|Any CPU
		{E2ADCDBC-CB5D-46FB-90BF-5C48F1F3DAC0}.Debug|x64.ActiveCfg = Debug|Any CPU
		{E2ADCDBC-CB5D-46FB-90BF-5C48F1F3DAC0}.Debug|x64.Build.0 = Debug|Any CPU
		{E2ADCDBC-CB5D-46FB-90BF-5C48F1F3DAC0}.Debug|x86.ActiveCfg = Debug|Any CPU
		{E2ADCDBC-CB5D-46FB-90BF-5C48F1F3DAC0}.Debug|x86.Build.0 = Debug|Any CPU
		{E2ADCDBC-CB5D-46FB-90BF-5C48F1F3DAC0}.Release|Any CPU.ActiveCfg = Release|Any CPU
		{E2ADCDBC-CB5D-46FB-90BF-5C48F1F3DAC0}.Release|Any CPU.Build.0 = Release|Any CPU
		{E2ADCDBC-CB5D-46FB-90BF-5C48F1F3DAC0}.Release|ARM.ActiveCfg = Release|Any CPU
		{E2ADCDBC-CB5D-46FB-90BF-5C48F1F3DAC0}.Release|ARM.Build.0 = Release|Any CPU
		{E2ADCDBC-CB5D-46FB-90BF-5C48F1F3DAC0}.Release|iPhone.ActiveCfg = Release|Any CPU
		{E2ADCDBC-CB5D-46FB-90BF-5C48F1F3DAC0}.Release|iPhone.Build.0 = Release|Any CPU
		{E2ADCDBC-CB5D-46FB-90BF-5C48F1F3DAC0}.Release|iPhoneSimulator.ActiveCfg = Release|Any CPU
		{E2ADCDBC-CB5D-46FB-90BF-5C48F1F3DAC0}.Release|iPhoneSimulator.Build.0 = Release|Any CPU
		{E2ADCDBC-CB5D-46FB-90BF-5C48F1F3DAC0}.Release|x64.ActiveCfg = Release|Any CPU
		{E2ADCDBC-CB5D-46FB-90BF-5C48F1F3DAC0}.Release|x64.Build.0 = Release|Any CPU
		{E2ADCDBC-CB5D-46FB-90BF-5C48F1F3DAC0}.Release|x86.ActiveCfg = Release|Any CPU
		{E2ADCDBC-CB5D-46FB-90BF-5C48F1F3DAC0}.Release|x86.Build.0 = Release|Any CPU
		{574BEE65-D61A-495B-A324-FE82D00FBE4A}.Debug|Any CPU.ActiveCfg = Debug|Any CPU
		{574BEE65-D61A-495B-A324-FE82D00FBE4A}.Debug|Any CPU.Build.0 = Debug|Any CPU
		{574BEE65-D61A-495B-A324-FE82D00FBE4A}.Debug|Any CPU.Deploy.0 = Debug|Any CPU
		{574BEE65-D61A-495B-A324-FE82D00FBE4A}.Debug|ARM.ActiveCfg = Debug|Any CPU
		{574BEE65-D61A-495B-A324-FE82D00FBE4A}.Debug|ARM.Build.0 = Debug|Any CPU
		{574BEE65-D61A-495B-A324-FE82D00FBE4A}.Debug|ARM.Deploy.0 = Debug|Any CPU
		{574BEE65-D61A-495B-A324-FE82D00FBE4A}.Debug|iPhone.ActiveCfg = Debug|Any CPU
		{574BEE65-D61A-495B-A324-FE82D00FBE4A}.Debug|iPhone.Build.0 = Debug|Any CPU
		{574BEE65-D61A-495B-A324-FE82D00FBE4A}.Debug|iPhone.Deploy.0 = Debug|Any CPU
		{574BEE65-D61A-495B-A324-FE82D00FBE4A}.Debug|iPhoneSimulator.ActiveCfg = Debug|Any CPU
		{574BEE65-D61A-495B-A324-FE82D00FBE4A}.Debug|iPhoneSimulator.Build.0 = Debug|Any CPU
		{574BEE65-D61A-495B-A324-FE82D00FBE4A}.Debug|iPhoneSimulator.Deploy.0 = Debug|Any CPU
		{574BEE65-D61A-495B-A324-FE82D00FBE4A}.Debug|x64.ActiveCfg = Debug|Any CPU
		{574BEE65-D61A-495B-A324-FE82D00FBE4A}.Debug|x64.Build.0 = Debug|Any CPU
		{574BEE65-D61A-495B-A324-FE82D00FBE4A}.Debug|x64.Deploy.0 = Debug|Any CPU
		{574BEE65-D61A-495B-A324-FE82D00FBE4A}.Debug|x86.ActiveCfg = Debug|Any CPU
		{574BEE65-D61A-495B-A324-FE82D00FBE4A}.Debug|x86.Build.0 = Debug|Any CPU
		{574BEE65-D61A-495B-A324-FE82D00FBE4A}.Debug|x86.Deploy.0 = Debug|Any CPU
		{574BEE65-D61A-495B-A324-FE82D00FBE4A}.Release|Any CPU.ActiveCfg = Release|Any CPU
		{574BEE65-D61A-495B-A324-FE82D00FBE4A}.Release|Any CPU.Build.0 = Release|Any CPU
		{574BEE65-D61A-495B-A324-FE82D00FBE4A}.Release|Any CPU.Deploy.0 = Release|Any CPU
		{574BEE65-D61A-495B-A324-FE82D00FBE4A}.Release|ARM.ActiveCfg = Release|Any CPU
		{574BEE65-D61A-495B-A324-FE82D00FBE4A}.Release|ARM.Build.0 = Release|Any CPU
		{574BEE65-D61A-495B-A324-FE82D00FBE4A}.Release|ARM.Deploy.0 = Release|Any CPU
		{574BEE65-D61A-495B-A324-FE82D00FBE4A}.Release|iPhone.ActiveCfg = Release|Any CPU
		{574BEE65-D61A-495B-A324-FE82D00FBE4A}.Release|iPhone.Build.0 = Release|Any CPU
		{574BEE65-D61A-495B-A324-FE82D00FBE4A}.Release|iPhone.Deploy.0 = Release|Any CPU
		{574BEE65-D61A-495B-A324-FE82D00FBE4A}.Release|iPhoneSimulator.ActiveCfg = Release|Any CPU
		{574BEE65-D61A-495B-A324-FE82D00FBE4A}.Release|iPhoneSimulator.Build.0 = Release|Any CPU
		{574BEE65-D61A-495B-A324-FE82D00FBE4A}.Release|iPhoneSimulator.Deploy.0 = Release|Any CPU
		{574BEE65-D61A-495B-A324-FE82D00FBE4A}.Release|x64.ActiveCfg = Release|Any CPU
		{574BEE65-D61A-495B-A324-FE82D00FBE4A}.Release|x64.Build.0 = Release|Any CPU
		{574BEE65-D61A-495B-A324-FE82D00FBE4A}.Release|x64.Deploy.0 = Release|Any CPU
		{574BEE65-D61A-495B-A324-FE82D00FBE4A}.Release|x86.ActiveCfg = Release|Any CPU
		{574BEE65-D61A-495B-A324-FE82D00FBE4A}.Release|x86.Build.0 = Release|Any CPU
		{574BEE65-D61A-495B-A324-FE82D00FBE4A}.Release|x86.Deploy.0 = Release|Any CPU
		{91CB8EA0-9FCA-4112-9DDE-851641138B0D}.Debug|Any CPU.ActiveCfg = Debug|iPhone
		{91CB8EA0-9FCA-4112-9DDE-851641138B0D}.Debug|ARM.ActiveCfg = Debug|iPhone
		{91CB8EA0-9FCA-4112-9DDE-851641138B0D}.Debug|iPhone.ActiveCfg = Debug|iPhone
		{91CB8EA0-9FCA-4112-9DDE-851641138B0D}.Debug|iPhone.Build.0 = Debug|iPhone
		{91CB8EA0-9FCA-4112-9DDE-851641138B0D}.Debug|iPhoneSimulator.ActiveCfg = Debug|iPhoneSimulator
		{91CB8EA0-9FCA-4112-9DDE-851641138B0D}.Debug|iPhoneSimulator.Build.0 = Debug|iPhoneSimulator
		{91CB8EA0-9FCA-4112-9DDE-851641138B0D}.Debug|x64.ActiveCfg = Debug|iPhone
		{91CB8EA0-9FCA-4112-9DDE-851641138B0D}.Debug|x86.ActiveCfg = Debug|iPhone
		{91CB8EA0-9FCA-4112-9DDE-851641138B0D}.Release|Any CPU.ActiveCfg = Release|iPhone
		{91CB8EA0-9FCA-4112-9DDE-851641138B0D}.Release|ARM.ActiveCfg = Release|iPhone
		{91CB8EA0-9FCA-4112-9DDE-851641138B0D}.Release|iPhone.ActiveCfg = Release|iPhone
		{91CB8EA0-9FCA-4112-9DDE-851641138B0D}.Release|iPhone.Build.0 = Release|iPhone
		{91CB8EA0-9FCA-4112-9DDE-851641138B0D}.Release|iPhoneSimulator.ActiveCfg = Release|iPhoneSimulator
		{91CB8EA0-9FCA-4112-9DDE-851641138B0D}.Release|iPhoneSimulator.Build.0 = Release|iPhoneSimulator
		{91CB8EA0-9FCA-4112-9DDE-851641138B0D}.Release|x64.ActiveCfg = Release|iPhone
		{91CB8EA0-9FCA-4112-9DDE-851641138B0D}.Release|x86.ActiveCfg = Release|iPhone
		{73C380C4-5B93-4815-979F-C12554C5C0D2}.Debug|Any CPU.ActiveCfg = Debug|x86
		{73C380C4-5B93-4815-979F-C12554C5C0D2}.Debug|ARM.ActiveCfg = Debug|ARM
		{73C380C4-5B93-4815-979F-C12554C5C0D2}.Debug|ARM.Build.0 = Debug|ARM
		{73C380C4-5B93-4815-979F-C12554C5C0D2}.Debug|ARM.Deploy.0 = Debug|ARM
		{73C380C4-5B93-4815-979F-C12554C5C0D2}.Debug|iPhone.ActiveCfg = Debug|x86
		{73C380C4-5B93-4815-979F-C12554C5C0D2}.Debug|iPhoneSimulator.ActiveCfg = Debug|x86
		{73C380C4-5B93-4815-979F-C12554C5C0D2}.Debug|x64.ActiveCfg = Debug|x64
		{73C380C4-5B93-4815-979F-C12554C5C0D2}.Debug|x64.Build.0 = Debug|x64
		{73C380C4-5B93-4815-979F-C12554C5C0D2}.Debug|x64.Deploy.0 = Debug|x64
		{73C380C4-5B93-4815-979F-C12554C5C0D2}.Debug|x86.ActiveCfg = Debug|x86
		{73C380C4-5B93-4815-979F-C12554C5C0D2}.Debug|x86.Build.0 = Debug|x86
		{73C380C4-5B93-4815-979F-C12554C5C0D2}.Debug|x86.Deploy.0 = Debug|x86
		{73C380C4-5B93-4815-979F-C12554C5C0D2}.Release|Any CPU.ActiveCfg = Release|x86
		{73C380C4-5B93-4815-979F-C12554C5C0D2}.Release|ARM.ActiveCfg = Release|ARM
		{73C380C4-5B93-4815-979F-C12554C5C0D2}.Release|ARM.Build.0 = Release|ARM
		{73C380C4-5B93-4815-979F-C12554C5C0D2}.Release|ARM.Deploy.0 = Release|ARM
		{73C380C4-5B93-4815-979F-C12554C5C0D2}.Release|iPhone.ActiveCfg = Release|x86
		{73C380C4-5B93-4815-979F-C12554C5C0D2}.Release|iPhoneSimulator.ActiveCfg = Release|x86
		{73C380C4-5B93-4815-979F-C12554C5C0D2}.Release|x64.ActiveCfg = Release|x64
		{73C380C4-5B93-4815-979F-C12554C5C0D2}.Release|x64.Build.0 = Release|x64
		{73C380C4-5B93-4815-979F-C12554C5C0D2}.Release|x64.Deploy.0 = Release|x64
		{73C380C4-5B93-4815-979F-C12554C5C0D2}.Release|x86.ActiveCfg = Release|x86
		{73C380C4-5B93-4815-979F-C12554C5C0D2}.Release|x86.Build.0 = Release|x86
		{73C380C4-5B93-4815-979F-C12554C5C0D2}.Release|x86.Deploy.0 = Release|x86
	EndGlobalSection
	GlobalSection(SolutionProperties) = preSolution
		HideSolutionNode = FALSE
	EndGlobalSection
EndGlobal
